
Microsoft Visual Studio Solution File, Format Version 12.00
# Visual Studio 15
VisualStudioVersion = 15.0.28307.106
MinimumVisualStudioVersion = 10.0.40219.1
Project("{FAE04EC0-301F-11D3-BF4B-00C04F79EFBC}") = "ZadElMuslim.Android", "ZadElMuslim\ZadElMuslim.Android\ZadElMuslim.Android.csproj", "{0E35E67B-824A-4F21-A517-97433E817D7C}"
EndProject
Project("{FAE04EC0-301F-11D3-BF4B-00C04F79EFBC}") = "ZadElMuslim.iOS", "ZadElMuslim\ZadElMuslim.iOS\ZadElMuslim.iOS.csproj", "{84BD56AD-8C5C-4181-B2BF-C19133491DD7}"
EndProject
Project("{9A19103F-16F7-4668-BE54-9A1E7A4F7556}") = "ZadElMuslim", "ZadElMuslim\ZadElMuslim\ZadElMuslim.csproj", "{13852431-4155-4EE1-B53D-C1551C186B94}"
EndProject
Global
	GlobalSection(SolutionConfigurationPlatforms) = preSolution
		Ad-Hoc|Any CPU = Ad-Hoc|Any CPU
		Ad-Hoc|iPhone = Ad-Hoc|iPhone
		Ad-Hoc|iPhoneSimulator = Ad-Hoc|iPhoneSimulator
		AppStore|Any CPU = AppStore|Any CPU
		AppStore|iPhone = AppStore|iPhone
		AppStore|iPhoneSimulator = AppStore|iPhoneSimulator
		Debug|Any CPU = Debug|Any CPU
		Debug|iPhone = Debug|iPhone
		Debug|iPhoneSimulator = Debug|iPhoneSimulator
		Release|Any CPU = Release|Any CPU
		Release|iPhone = Release|iPhone
		Release|iPhoneSimulator = Release|iPhoneSimulator
	EndGlobalSection
	GlobalSection(ProjectConfigurationPlatforms) = postSolution
		{0E35E67B-824A-4F21-A517-97433E817D7C}.Ad-Hoc|Any CPU.ActiveCfg = Release|Any CPU
		{0E35E67B-824A-4F21-A517-97433E817D7C}.Ad-Hoc|Any CPU.Build.0 = Release|Any CPU
		{0E35E67B-824A-4F21-A517-97433E817D7C}.Ad-Hoc|Any CPU.Deploy.0 = Release|Any CPU
		{0E35E67B-824A-4F21-A517-97433E817D7C}.Ad-Hoc|iPhone.ActiveCfg = Release|Any CPU
		{0E35E67B-824A-4F21-A517-97433E817D7C}.Ad-Hoc|iPhone.Build.0 = Release|Any CPU
		{0E35E67B-824A-4F21-A517-97433E817D7C}.Ad-Hoc|iPhone.Deploy.0 = Release|Any CPU
		{0E35E67B-824A-4F21-A517-97433E817D7C}.Ad-Hoc|iPhoneSimulator.ActiveCfg = Release|Any CPU
		{0E35E67B-824A-4F21-A517-97433E817D7C}.Ad-Hoc|iPhoneSimulator.Build.0 = Release|Any CPU
		{0E35E67B-824A-4F21-A517-97433E817D7C}.Ad-Hoc|iPhoneSimulator.Deploy.0 = Release|Any CPU
		{0E35E67B-824A-4F21-A517-97433E817D7C}.AppStore|Any CPU.ActiveCfg = Release|Any CPU
		{0E35E67B-824A-4F21-A517-97433E817D7C}.AppStore|Any CPU.Build.0 = Release|Any CPU
		{0E35E67B-824A-4F21-A517-97433E817D7C}.AppStore|Any CPU.Deploy.0 = Release|Any CPU
		{0E35E67B-824A-4F21-A517-97433E817D7C}.AppStore|iPhone.ActiveCfg = Release|Any CPU
		{0E35E67B-824A-4F21-A517-97433E817D7C}.AppStore|iPhone.Build.0 = Release|Any CPU
		{0E35E67B-824A-4F21-A517-97433E817D7C}.AppStore|iPhone.Deploy.0 = Release|Any CPU
		{0E35E67B-824A-4F21-A517-97433E817D7C}.AppStore|iPhoneSimulator.ActiveCfg = Release|Any CPU
		{0E35E67B-824A-4F21-A517-97433E817D7C}.AppStore|iPhoneSimulator.Build.0 = Release|Any CPU
		{0E35E67B-824A-4F21-A517-97433E817D7C}.AppStore|iPhoneSimulator.Deploy.0 = Release|Any CPU
		{0E35E67B-824A-4F21-A517-97433E817D7C}.Debug|Any CPU.ActiveCfg = Debug|Any CPU
		{0E35E67B-824A-4F21-A517-97433E817D7C}.Debug|Any CPU.Build.0 = Debug|Any CPU
		{0E35E67B-824A-4F21-A517-97433E817D7C}.Debug|Any CPU.Deploy.0 = Debug|Any CPU
		{0E35E67B-824A-4F21-A517-97433E817D7C}.Debug|iPhone.ActiveCfg = Debug|Any CPU
		{0E35E67B-824A-4F21-A517-97433E817D7C}.Debug|iPhone.Build.0 = Debug|Any CPU
		{0E35E67B-824A-4F21-A517-97433E817D7C}.Debug|iPhone.Deploy.0 = Debug|Any CPU
		{0E35E67B-824A-4F21-A517-97433E817D7C}.Debug|iPhoneSimulator.ActiveCfg = Debug|Any CPU
		{0E35E67B-824A-4F21-A517-97433E817D7C}.Debug|iPhoneSimulator.Build.0 = Debug|Any CPU
		{0E35E67B-824A-4F21-A517-97433E817D7C}.Debug|iPhoneSimulator.Deploy.0 = Debug|Any CPU
		{0E35E67B-824A-4F21-A517-97433E817D7C}.Release|Any CPU.ActiveCfg = Release|Any CPU
		{0E35E67B-824A-4F21-A517-97433E817D7C}.Release|Any CPU.Build.0 = Release|Any CPU
		{0E35E67B-824A-4F21-A517-97433E817D7C}.Release|Any CPU.Deploy.0 = Release|Any CPU
		{0E35E67B-824A-4F21-A517-97433E817D7C}.Release|iPhone.ActiveCfg = Release|Any CPU
		{0E35E67B-824A-4F21-A517-97433E817D7C}.Release|iPhone.Build.0 = Release|Any CPU
		{0E35E67B-824A-4F21-A517-97433E817D7C}.Release|iPhone.Deploy.0 = Release|Any CPU
		{0E35E67B-824A-4F21-A517-97433E817D7C}.Release|iPhoneSimulator.ActiveCfg = Release|Any CPU
		{0E35E67B-824A-4F21-A517-97433E817D7C}.Release|iPhoneSimulator.Build.0 = Release|Any CPU
		{0E35E67B-824A-4F21-A517-97433E817D7C}.Release|iPhoneSimulator.Deploy.0 = Release|Any CPU
		{84BD56AD-8C5C-4181-B2BF-C19133491DD7}.Ad-Hoc|Any CPU.ActiveCfg = Ad-Hoc|iPhone
		{84BD56AD-8C5C-4181-B2BF-C19133491DD7}.Ad-Hoc|Any CPU.Build.0 = Ad-Hoc|iPhone
		{84BD56AD-8C5C-4181-B2BF-C19133491DD7}.Ad-Hoc|Any CPU.Deploy.0 = Ad-Hoc|iPhone
		{84BD56AD-8C5C-4181-B2BF-C19133491DD7}.Ad-Hoc|iPhone.ActiveCfg = Ad-Hoc|iPhone
		{84BD56AD-8C5C-4181-B2BF-C19133491DD7}.Ad-Hoc|iPhone.Build.0 = Ad-Hoc|iPhone
		{84BD56AD-8C5C-4181-B2BF-C19133491DD7}.Ad-Hoc|iPhone.Deploy.0 = Ad-Hoc|iPhone
		{84BD56AD-8C5C-4181-B2BF-C19133491DD7}.Ad-Hoc|iPhoneSimulator.ActiveCfg = Ad-Hoc|iPhoneSimulator
		{84BD56AD-8C5C-4181-B2BF-C19133491DD7}.Ad-Hoc|iPhoneSimulator.Build.0 = Ad-Hoc|iPhoneSimulator
		{84BD56AD-8C5C-4181-B2BF-C19133491DD7}.Ad-Hoc|iPhoneSimulator.Deploy.0 = Ad-Hoc|iPhoneSimulator
		{84BD56AD-8C5C-4181-B2BF-C19133491DD7}.AppStore|Any CPU.ActiveCfg = AppStore|iPhone
		{84BD56AD-8C5C-4181-B2BF-C19133491DD7}.AppStore|Any CPU.Build.0 = AppStore|iPhone
		{84BD56AD-8C5C-4181-B2BF-C19133491DD7}.AppStore|Any CPU.Deploy.0 = AppStore|iPhone
		{84BD56AD-8C5C-4181-B2BF-C19133491DD7}.AppStore|iPhone.ActiveCfg = AppStore|iPhone
		{84BD56AD-8C5C-4181-B2BF-C19133491DD7}.AppStore|iPhone.Build.0 = AppStore|iPhone
		{84BD56AD-8C5C-4181-B2BF-C19133491DD7}.AppStore|iPhone.Deploy.0 = AppStore|iPhone
		{84BD56AD-8C5C-4181-B2BF-C19133491DD7}.AppStore|iPhoneSimulator.ActiveCfg = AppStore|iPhoneSimulator
		{84BD56AD-8C5C-4181-B2BF-C19133491DD7}.AppStore|iPhoneSimulator.Build.0 = AppStore|iPhoneSimulator
		{84BD56AD-8C5C-4181-B2BF-C19133491DD7}.AppStore|iPhoneSimulator.Deploy.0 = AppStore|iPhoneSimulator
		{84BD56AD-8C5C-4181-B2BF-C19133491DD7}.Debug|Any CPU.ActiveCfg = Debug|iPhoneSimulator
		{84BD56AD-8C5C-4181-B2BF-C19133491DD7}.Debug|Any CPU.Build.0 = Debug|iPhoneSimulator
		{84BD56AD-8C5C-4181-B2BF-C19133491DD7}.Debug|Any CPU.Deploy.0 = Debug|iPhoneSimulator
		{84BD56AD-8C5C-4181-B2BF-C19133491DD7}.Debug|iPhone.ActiveCfg = Debug|iPhone
		{84BD56AD-8C5C-4181-B2BF-C19133491DD7}.Debug|iPhone.Build.0 = Debug|iPhone
		{84BD56AD-8C5C-4181-B2BF-C19133491DD7}.Debug|iPhone.Deploy.0 = Debug|iPhone
		{84BD56AD-8C5C-4181-B2BF-C19133491DD7}.Debug|iPhoneSimulator.ActiveCfg = Debug|iPhoneSimulator
		{84BD56AD-8C5C-4181-B2BF-C19133491DD7}.Debug|iPhoneSimulator.Build.0 = Debug|iPhoneSimulator
		{84BD56AD-8C5C-4181-B2BF-C19133491DD7}.Debug|iPhoneSimulator.Deploy.0 = Debug|iPhoneSimulator
		{84BD56AD-8C5C-4181-B2BF-C19133491DD7}.Release|Any CPU.ActiveCfg = Release|iPhone
		{84BD56AD-8C5C-4181-B2BF-C19133491DD7}.Release|Any CPU.Build.0 = Release|iPhone
		{84BD56AD-8C5C-4181-B2BF-C19133491DD7}.Release|Any CPU.Deploy.0 = Release|iPhone
		{84BD56AD-8C5C-4181-B2BF-C19133491DD7}.Release|iPhone.ActiveCfg = Release|iPhone
		{84BD56AD-8C5C-4181-B2BF-C19133491DD7}.Release|iPhone.Build.0 = Release|iPhone
		{84BD56AD-8C5C-4181-B2BF-C19133491DD7}.Release|iPhone.Deploy.0 = Release|iPhone
		{84BD56AD-8C5C-4181-B2BF-C19133491DD7}.Release|iPhoneSimulator.ActiveCfg = Release|iPhoneSimulator
		{84BD56AD-8C5C-4181-B2BF-C19133491DD7}.Release|iPhoneSimulator.Build.0 = Release|iPhoneSimulator
		{84BD56AD-8C5C-4181-B2BF-C19133491DD7}.Release|iPhoneSimulator.Deploy.0 = Release|iPhoneSimulator
		{13852431-4155-4EE1-B53D-C1551C186B94}.Ad-Hoc|Any CPU.ActiveCfg = Debug|Any CPU
		{13852431-4155-4EE1-B53D-C1551C186B94}.Ad-Hoc|Any CPU.Build.0 = Debug|Any CPU
		{13852431-4155-4EE1-B53D-C1551C186B94}.Ad-Hoc|Any CPU.Deploy.0 = Debug|Any CPU
		{13852431-4155-4EE1-B53D-C1551C186B94}.Ad-Hoc|iPhone.ActiveCfg = Debug|Any CPU
		{13852431-4155-4EE1-B53D-C1551C186B94}.Ad-Hoc|iPhone.Build.0 = Debug|Any CPU
		{13852431-4155-4EE1-B53D-C1551C186B94}.Ad-Hoc|iPhone.Deploy.0 = Debug|Any CPU
		{13852431-4155-4EE1-B53D-C1551C186B94}.Ad-Hoc|iPhoneSimulator.ActiveCfg = Debug|Any CPU
		{13852431-4155-4EE1-B53D-C1551C186B94}.Ad-Hoc|iPhoneSimulator.Build.0 = Debug|Any CPU
		{13852431-4155-4EE1-B53D-C1551C186B94}.Ad-Hoc|iPhoneSimulator.Deploy.0 = Debug|Any CPU
		{13852431-4155-4EE1-B53D-C1551C186B94}.AppStore|Any CPU.ActiveCfg = Debug|Any CPU
		{13852431-4155-4EE1-B53D-C1551C186B94}.AppStore|Any CPU.Build.0 = Debug|Any CPU
		{13852431-4155-4EE1-B53D-C1551C186B94}.AppStore|Any CPU.Deploy.0 = Debug|Any CPU
		{13852431-4155-4EE1-B53D-C1551C186B94}.AppStore|iPhone.ActiveCfg = Debug|Any CPU
		{13852431-4155-4EE1-B53D-C1551C186B94}.AppStore|iPhone.Build.0 = Debug|Any CPU
		{13852431-4155-4EE1-B53D-C1551C186B94}.AppStore|iPhone.Deploy.0 = Debug|Any CPU
		{13852431-4155-4EE1-B53D-C1551C186B94}.AppStore|iPhoneSimulator.ActiveCfg = Debug|Any CPU
		{13852431-4155-4EE1-B53D-C1551C186B94}.AppStore|iPhoneSimulator.Build.0 = Debug|Any CPU
		{13852431-4155-4EE1-B53D-C1551C186B94}.AppStore|iPhoneSimulator.Deploy.0 = Debug|Any CPU
		{13852431-4155-4EE1-B53D-C1551C186B94}.Debug|Any CPU.ActiveCfg = Debug|Any CPU
		{13852431-4155-4EE1-B53D-C1551C186B94}.Debug|Any CPU.Build.0 = Debug|Any CPU
		{13852431-4155-4EE1-B53D-C1551C186B94}.Debug|Any CPU.Deploy.0 = Debug|Any CPU
		{13852431-4155-4EE1-B53D-C1551C186B94}.Debug|iPhone.ActiveCfg = Debug|Any CPU
		{13852431-4155-4EE1-B53D-C1551C186B94}.Debug|iPhone.Build.0 = Debug|Any CPU
		{13852431-4155-4EE1-B53D-C1551C186B94}.Debug|iPhone.Deploy.0 = Debug|Any CPU
		{13852431-4155-4EE1-B53D-C1551C186B94}.Debug|iPhoneSimulator.ActiveCfg = Debug|Any CPU
		{13852431-4155-4EE1-B53D-C1551C186B94}.Debug|iPhoneSimulator.Build.0 = Debug|Any CPU
		{13852431-4155-4EE1-B53D-C1551C186B94}.Debug|iPhoneSimulator.Deploy.0 = Debug|Any CPU
		{13852431-4155-4EE1-B53D-C1551C186B94}.Release|Any CPU.ActiveCfg = Release|Any CPU
		{13852431-4155-4EE1-B53D-C1551C186B94}.Release|Any CPU.Build.0 = Release|Any CPU
		{13852431-4155-4EE1-B53D-C1551C186B94}.Release|Any CPU.Deploy.0 = Release|Any CPU
		{13852431-4155-4EE1-B53D-C1551C186B94}.Release|iPhone.ActiveCfg = Release|Any CPU
		{13852431-4155-4EE1-B53D-C1551C186B94}.Release|iPhone.Build.0 = Release|Any CPU
		{13852431-4155-4EE1-B53D-C1551C186B94}.Release|iPhone.Deploy.0 = Release|Any CPU
		{13852431-4155-4EE1-B53D-C1551C186B94}.Release|iPhoneSimulator.ActiveCfg = Release|Any CPU
		{13852431-4155-4EE1-B53D-C1551C186B94}.Release|iPhoneSimulator.Build.0 = Release|Any CPU
		{13852431-4155-4EE1-B53D-C1551C186B94}.Release|iPhoneSimulator.Deploy.0 = Release|Any CPU
	EndGlobalSection
	GlobalSection(SolutionProperties) = preSolution
		HideSolutionNode = FALSE
	EndGlobalSection
	GlobalSection(ExtensibilityGlobals) = postSolution
		SolutionGuid = {C2DB7388-3A6C-4588-B8E6-86BD13888BEC}
	EndGlobalSection
EndGlobal
